
Microsoft Visual Studio Solution File, Format Version 12.00
# Visual Studio Version 17
VisualStudioVersion = 17.3.32804.467
MinimumVisualStudioVersion = 10.0.40219.1
Project("{FAE04EC0-301F-11D3-BF4B-00C04F79EFBC}") = "Grape1", "Grape1.csproj", "{BCB055A8-9D37-4AF2-A9E6-4E699A1302ED}"
EndProject
Global
	GlobalSection(SolutionConfigurationPlatforms) = preSolution
		Debug|Any CPU = Debug|Any CPU
		Release|Any CPU = Release|Any CPU
	EndGlobalSection
	GlobalSection(ProjectConfigurationPlatforms) = postSolution
		{BCB055A8-9D37-4AF2-A9E6-4E699A1302ED}.Debug|Any CPU.ActiveCfg = Debug|Any CPU
		{BCB055A8-9D37-4AF2-A9E6-4E699A1302ED}.Debug|Any CPU.Build.0 = Debug|Any CPU
		{BCB055A8-9D37-4AF2-A9E6-4E699A1302ED}.Release|Any CPU.ActiveCfg = Release|Any CPU
		{BCB055A8-9D37-4AF2-A9E6-4E699A1302ED}.Release|Any CPU.Build.0 = Release|Any CPU
	EndGlobalSection
	GlobalSection(SolutionProperties) = preSolution
		HideSolutionNode = FALSE
	EndGlobalSection
	GlobalSection(ExtensibilityGlobals) = postSolution
		SolutionGuid = {2F016191-FF27-43CC-A849-385FB0ADB5D1}
	EndGlobalSection
EndGlobal
